// !$*UTF8*$!
{
	archiveVersion = 1;
	classes = {
	};
	objectVersion = 77;
	objects = {

/* Begin PBXBuildFile section */
		61322EC12F5374D200C0AB2B /* AetherApp.swift in Sources */ = {isa = PBXBuildFile; fileRef = 61322EC02F5374D200C0AB2B /* AetherApp.swift */; };
		61322EC52F5374D300C0AB2B /* Assets.xcassets in Resources */ = {isa = PBXBuildFile; fileRef = 61322EC42F5374D300C0AB2B /* Assets.xcassets */; };
		61322ED72F53795100C0AB2B /* AetherIntents.swift in Sources */ = {isa = PBXBuildFile; fileRef = 61322ED62F53795100C0AB2B /* AetherIntents.swift */; };
		61322EE62F537CFB00C0AB2B /* UserProfile.swift in Sources */ = {isa = PBXBuildFile; fileRef = 61322EE52F537A4D00C0AB2B /* UserProfile.swift */; };
		61322EE72F537D0000C0AB2B /* EducationalConcept.swift in Sources */ = {isa = PBXBuildFile; fileRef = 61322EDB2F5379BA00C0AB2B /* EducationalConcept.swift */; };
		61322EE82F537D0500C0AB2B /* ConceptsManager.swift in Sources */ = {isa = PBXBuildFile; fileRef = 61322ED92F53798400C0AB2B /* ConceptsManager.swift */; };
		61322EE92F537D0900C0AB2B /* RootView.swift in Sources */ = {isa = PBXBuildFile; fileRef = 61322EE02F537A0000C0AB2B /* RootView.swift */; };
		61322EEA2F537D0E00C0AB2B /* MainTabView.swift in Sources */ = {isa = PBXBuildFile; fileRef = 61322EDE2F5379DC00C0AB2B /* MainTabView.swift */; };
		61322EEB2F537D1300C0AB2B /* CosmicBackground.swift in Sources */ = {isa = PBXBuildFile; fileRef = 61322EDA2F5379A300C0AB2B /* CosmicBackground.swift */; };
		61322EEC2F537D1700C0AB2B /* ConceptAnimationView.swift in Sources */ = {isa = PBXBuildFile; fileRef = 61322ED82F53797100C0AB2B /* ConceptAnimationView.swift */; };
		61322EED2F537D1B00C0AB2B /* SettingsView.swift in Sources */ = {isa = PBXBuildFile; fileRef = 61322EE12F537A0900C0AB2B /* SettingsView.swift */; };
		61322EEE2F537D1F00C0AB2B /* FavoritesView.swift in Sources */ = {isa = PBXBuildFile; fileRef = 61322EDC2F5379C700C0AB2B /* FavoritesView.swift */; };
		61322EEF2F537D2400C0AB2B /* FeedView.swift in Sources */ = {isa = PBXBuildFile; fileRef = 61322EDD2F5379D000C0AB2B /* FeedView.swift */; };
		61322EF02F537D2900C0AB2B /* OnboardingView.swift in Sources */ = {isa = PBXBuildFile; fileRef = 61322EDF2F5379F100C0AB2B /* OnboardingView.swift */; };
		61322EF12F537D2E00C0AB2B /* SupernovaOverlayView.swift in Sources */ = {isa = PBXBuildFile; fileRef = 61322EE42F537A4000C0AB2B /* SupernovaOverlayView.swift */; };
		61322EF22F537D3200C0AB2B /* SpacetimeLabView.swift in Sources */ = {isa = PBXBuildFile; fileRef = 61322EE22F537A1700C0AB2B /* SpacetimeLabView.swift */; };
/* End PBXBuildFile section */

/* Begin PBXFileReference section */
		61322EBD2F5374D200C0AB2B /* Aether.app */ = {isa = PBXFileReference; explicitFileType = wrapper.application; includeInIndex = 0; name = Aether.app; path = "/Users/vedpatel/Documents/Aether/build/Debug-iphoneos/Aether.app"; sourceTree = "<absolute>"; };
		61322EC02F5374D200C0AB2B /* AetherApp.swift */ = {isa = PBXFileReference; lastKnownFileType = sourcecode.swift; path = AetherApp.swift; sourceTree = "<group>"; };
		61322EC42F5374D300C0AB2B /* Assets.xcassets */ = {isa = PBXFileReference; lastKnownFileType = folder.assetcatalog; path = Assets.xcassets; sourceTree = "<group>"; };
		61322ED62F53795100C0AB2B /* AetherIntents.swift */ = {isa = PBXFileReference; lastKnownFileType = sourcecode.swift; path = AetherIntents.swift; sourceTree = "<group>"; };
		61322ED82F53797100C0AB2B /* ConceptAnimationView.swift */ = {isa = PBXFileReference; lastKnownFileType = sourcecode.swift; path = ConceptAnimationView.swift; sourceTree = "<group>"; };
		61322ED92F53798400C0AB2B /* ConceptsManager.swift */ = {isa = PBXFileReference; lastKnownFileType = sourcecode.swift; path = ConceptsManager.swift; sourceTree = "<group>"; };
		61322EDA2F5379A300C0AB2B /* CosmicBackground.swift */ = {isa = PBXFileReference; lastKnownFileType = sourcecode.swift; path = CosmicBackground.swift; sourceTree = "<group>"; };
		61322EDB2F5379BA00C0AB2B /* EducationalConcept.swift */ = {isa = PBXFileReference; lastKnownFileType = sourcecode.swift; path = EducationalConcept.swift; sourceTree = "<group>"; };
		61322EDC2F5379C700C0AB2B /* FavoritesView.swift */ = {isa = PBXFileReference; lastKnownFileType = sourcecode.swift; path = FavoritesView.swift; sourceTree = "<group>"; };
		61322EDD2F5379D000C0AB2B /* FeedView.swift */ = {isa = PBXFileReference; lastKnownFileType = sourcecode.swift; path = FeedView.swift; sourceTree = "<group>"; };
		61322EDE2F5379DC00C0AB2B /* MainTabView.swift */ = {isa = PBXFileReference; lastKnownFileType = sourcecode.swift; path = MainTabView.swift; sourceTree = "<group>"; };
		61322EDF2F5379F100C0AB2B /* OnboardingView.swift */ = {isa = PBXFileReference; lastKnownFileType = sourcecode.swift; path = OnboardingView.swift; sourceTree = "<group>"; };
		61322EE02F537A0000C0AB2B /* RootView.swift */ = {isa = PBXFileReference; lastKnownFileType = sourcecode.swift; path = RootView.swift; sourceTree = "<group>"; };
		61322EE12F537A0900C0AB2B /* SettingsView.swift */ = {isa = PBXFileReference; lastKnownFileType = sourcecode.swift; path = SettingsView.swift; sourceTree = "<group>"; };
		61322EE22F537A1700C0AB2B /* SpacetimeLabView.swift */ = {isa = PBXFileReference; lastKnownFileType = sourcecode.swift; path = SpacetimeLabView.swift; sourceTree = "<group>"; };
		61322EE42F537A4000C0AB2B /* SupernovaOverlayView.swift */ = {isa = PBXFileReference; lastKnownFileType = sourcecode.swift; path = SupernovaOverlayView.swift; sourceTree = "<group>"; };
		61322EE52F537A4D00C0AB2B /* UserProfile.swift */ = {isa = PBXFileReference; lastKnownFileType = sourcecode.swift; path = UserProfile.swift; sourceTree = "<group>"; };
/* End PBXFileReference section */

/* Begin PBXFrameworksBuildPhase section */
		61322EBA2F5374D200C0AB2B /* Frameworks */ = {
			isa = PBXFrameworksBuildPhase;
			buildActionMask = 2147483647;
			files = (
			);
			runOnlyForDeploymentPostprocessing = 0;
		};
/* End PBXFrameworksBuildPhase section */

/* Begin PBXGroup section */
		61322EB42F5374D200C0AB2B = {
			isa = PBXGroup;
			children = (
				61322EC02F5374D200C0AB2B /* AetherApp.swift */,
				61322ECC2F53769600C0AB2B /* Models */,
				61322ECD2F5376A100C0AB2B /* Managers */,
				61322EF32F53838C00C0AB2B /* Resources */,
				61322ECE2F5376B200C0AB2B /* Views */,
				61322ECF2F5376F400C0AB2B /* PhysicsLab */,
				61322ED02F5376FE00C0AB2B /* Intents */,
			);
			sourceTree = "<group>";
		};
		61322ECC2F53769600C0AB2B /* Models */ = {
			isa = PBXGroup;
			children = (
				61322EE52F537A4D00C0AB2B /* UserProfile.swift */,
				61322EDB2F5379BA00C0AB2B /* EducationalConcept.swift */,
			);
			path = Models;
			sourceTree = "<group>";
		};
		61322ECD2F5376A100C0AB2B /* Managers */ = {
			isa = PBXGroup;
			children = (
				61322ED92F53798400C0AB2B /* ConceptsManager.swift */,
			);
			path = Managers;
			sourceTree = "<group>";
		};
		61322ECE2F5376B200C0AB2B /* Views */ = {
			isa = PBXGroup;
			children = (
				61322EE02F537A0000C0AB2B /* RootView.swift */,
				61322EDE2F5379DC00C0AB2B /* MainTabView.swift */,
				61322ED52F53779600C0AB2B /* Components */,
				61322ED42F53777800C0AB2B /* Settings */,
				61322ED32F53776100C0AB2B /* Favorites */,
				61322ED22F53775800C0AB2B /* Feed */,
				61322ED12F53774C00C0AB2B /* Onboarding */,
			);
			path = Views;
			sourceTree = "<group>";
		};
		61322ECF2F5376F400C0AB2B /* PhysicsLab */ = {
			isa = PBXGroup;
			children = (
				61322EE42F537A4000C0AB2B /* SupernovaOverlayView.swift */,
				61322EE22F537A1700C0AB2B /* SpacetimeLabView.swift */,
			);
			path = PhysicsLab;
			sourceTree = "<group>";
		};
		61322ED02F5376FE00C0AB2B /* Intents */ = {
			isa = PBXGroup;
			children = (
				61322ED62F53795100C0AB2B /* AetherIntents.swift */,
			);
			path = Intents;
			sourceTree = "<group>";
		};
		61322ED12F53774C00C0AB2B /* Onboarding */ = {
			isa = PBXGroup;
			children = (
				61322EDF2F5379F100C0AB2B /* OnboardingView.swift */,
			);
			path = Onboarding;
			sourceTree = "<group>";
		};
		61322ED22F53775800C0AB2B /* Feed */ = {
			isa = PBXGroup;
			children = (
				61322EDD2F5379D000C0AB2B /* FeedView.swift */,
			);
			path = Feed;
			sourceTree = "<group>";
		};
		61322ED32F53776100C0AB2B /* Favorites */ = {
			isa = PBXGroup;
			children = (
				61322EDC2F5379C700C0AB2B /* FavoritesView.swift */,
			);
			path = Favorites;
			sourceTree = "<group>";
		};
		61322ED42F53777800C0AB2B /* Settings */ = {
			isa = PBXGroup;
			children = (
				61322EE12F537A0900C0AB2B /* SettingsView.swift */,
			);
			path = Settings;
			sourceTree = "<group>";
		};
		61322ED52F53779600C0AB2B /* Components */ = {
			isa = PBXGroup;
			children = (
				61322EDA2F5379A300C0AB2B /* CosmicBackground.swift */,
				61322ED82F53797100C0AB2B /* ConceptAnimationView.swift */,
			);
			path = Components;
			sourceTree = "<group>";
		};
		61322EF32F53838C00C0AB2B /* Resources */ = {
			isa = PBXGroup;
			children = (
				61322EC42F5374D300C0AB2B /* Assets.xcassets */,
			);
			path = Resources;
			sourceTree = "<group>";
		};
/* End PBXGroup section */

/* Begin PBXNativeTarget section */
		61322EBC2F5374D200C0AB2B /* Aether */ = {
			isa = PBXNativeTarget;
			buildConfigurationList = 61322EC82F5374D300C0AB2B /* Build configuration list for PBXNativeTarget "Aether" */;
			buildPhases = (
				61322EB92F5374D200C0AB2B /* Sources */,
				61322EBA2F5374D200C0AB2B /* Frameworks */,
				61322EBB2F5374D200C0AB2B /* Resources */,
			);
			buildRules = (
			);
			dependencies = (
			);
			name = Aether;
			packageProductDependencies = (
			);
			productName = Aether;
			productReference = 61322EBD2F5374D200C0AB2B /* Aether.app */;
			productType = "com.apple.product-type.application";
		};
/* End PBXNativeTarget section */

/* Begin PBXProject section */
		61322EB52F5374D200C0AB2B /* Project object */ = {
			isa = PBXProject;
			attributes = {
				BuildIndependentTargetsInParallel = 1;
				LastSwiftUpdateCheck = 2620;
				LastUpgradeCheck = 2620;
				TargetAttributes = {
					61322EBC2F5374D200C0AB2B = {
						CreatedOnToolsVersion = 26.2;
					};
				};
			};
			buildConfigurationList = 61322EB82F5374D200C0AB2B /* Build configuration list for PBXProject "Aether" */;
			developmentRegion = en;
			hasScannedForEncodings = 0;
			knownRegions = (
				en,
				Base,
			);
			mainGroup = 61322EB42F5374D200C0AB2B;
			minimizedProjectReferenceProxies = 1;
			preferredProjectObjectVersion = 77;
			productRefGroup = 61322EB42F5374D200C0AB2B;
			projectDirPath = "";
			projectRoot = "";
			targets = (
				61322EBC2F5374D200C0AB2B /* Aether */,
			);
		};
/* End PBXProject section */

/* Begin PBXResourcesBuildPhase section */
		61322EBB2F5374D200C0AB2B /* Resources */ = {
			isa = PBXResourcesBuildPhase;
			buildActionMask = 2147483647;
			files = (
				61322EC52F5374D300C0AB2B /* Assets.xcassets in Resources */,
			);
			runOnlyForDeploymentPostprocessing = 0;
		};
/* End PBXResourcesBuildPhase section */

/* Begin PBXSourcesBuildPhase section */
		61322EB92F5374D200C0AB2B /* Sources */ = {
			isa = PBXSourcesBuildPhase;
			buildActionMask = 2147483647;
			files = (
				61322EF12F537D2E00C0AB2B /* SupernovaOverlayView.swift in Sources */,
				61322EE82F537D0500C0AB2B /* ConceptsManager.swift in Sources */,
				61322EE62F537CFB00C0AB2B /* UserProfile.swift in Sources */,
				61322EE72F537D0000C0AB2B /* EducationalConcept.swift in Sources */,
				61322EEA2F537D0E00C0AB2B /* MainTabView.swift in Sources */,
				61322EEB2F537D1300C0AB2B /* CosmicBackground.swift in Sources */,
				61322EF22F537D3200C0AB2B /* SpacetimeLabView.swift in Sources */,
				61322EE92F537D0900C0AB2B /* RootView.swift in Sources */,
				61322ED72F53795100C0AB2B /* AetherIntents.swift in Sources */,
				61322EEE2F537D1F00C0AB2B /* FavoritesView.swift in Sources */,
				61322EEC2F537D1700C0AB2B /* ConceptAnimationView.swift in Sources */,
				61322EEF2F537D2400C0AB2B /* FeedView.swift in Sources */,
				61322EC12F5374D200C0AB2B /* AetherApp.swift in Sources */,
				61322EED2F537D1B00C0AB2B /* SettingsView.swift in Sources */,
				61322EF02F537D2900C0AB2B /* OnboardingView.swift in Sources */,
			);
			runOnlyForDeploymentPostprocessing = 0;
		};
/* End PBXSourcesBuildPhase section */

/* Begin XCBuildConfiguration section */
		61322EC62F5374D300C0AB2B /* Debug */ = {
			isa = XCBuildConfiguration;
			buildSettings = {
				ALWAYS_SEARCH_USER_PATHS = NO;
				ASSETCATALOG_COMPILER_GENERATE_SWIFT_ASSET_SYMBOL_EXTENSIONS = YES;
				CLANG_ANALYZER_NONNULL = YES;
				CLANG_ANALYZER_NUMBER_OBJECT_CONVERSION = YES_AGGRESSIVE;
				CLANG_CXX_LANGUAGE_STANDARD = "gnu++20";
				CLANG_ENABLE_MODULES = YES;
				CLANG_ENABLE_OBJC_ARC = YES;
				CLANG_ENABLE_OBJC_WEAK = YES;
				CLANG_WARN_BLOCK_CAPTURE_AUTORELEASING = YES;
				CLANG_WARN_BOOL_CONVERSION = YES;
				CLANG_WARN_COMMA = YES;
				CLANG_WARN_CONSTANT_CONVERSION = YES;
				CLANG_WARN_DEPRECATED_OBJC_IMPLEMENTATIONS = YES;
				CLANG_WARN_DIRECT_OBJC_ISA_USAGE = YES_ERROR;
				CLANG_WARN_DOCUMENTATION_COMMENTS = YES;
				CLANG_WARN_EMPTY_BODY = YES;
				CLANG_WARN_ENUM_CONVERSION = YES;
				CLANG_WARN_INFINITE_RECURSION = YES;
				CLANG_WARN_INT_CONVERSION = YES;
				CLANG_WARN_NON_LITERAL_NULL_CONVERSION = YES;
				CLANG_WARN_OBJC_IMPLICIT_RETAIN_SELF = YES;
				CLANG_WARN_OBJC_LITERAL_CONVERSION = YES;
				CLANG_WARN_OBJC_ROOT_CLASS = YES_ERROR;
				CLANG_WARN_QUOTED_INCLUDE_IN_FRAMEWORK_HEADER = YES;
				CLANG_WARN_RANGE_LOOP_ANALYSIS = YES;
				CLANG_WARN_STRICT_PROTOTYPES = YES;
				CLANG_WARN_SUSPICIOUS_MOVE = YES;
				CLANG_WARN_UNGUARDED_AVAILABILITY = YES_AGGRESSIVE;
				CLANG_WARN_UNREACHABLE_CODE = YES;
				CLANG_WARN__DUPLICATE_METHOD_MATCH = YES;
				COPY_PHASE_STRIP = NO;
				DEBUG_INFORMATION_FORMAT = dwarf;
				DEVELOPMENT_TEAM = X3R9B5D7DJ;
				ENABLE_STRICT_OBJC_MSGSEND = YES;
				ENABLE_TESTABILITY = YES;
				ENABLE_USER_SCRIPT_SANDBOXING = YES;
				GCC_C_LANGUAGE_STANDARD = gnu17;
				GCC_DYNAMIC_NO_PIC = NO;
				GCC_NO_COMMON_BLOCKS = YES;
				GCC_OPTIMIZATION_LEVEL = 0;
				GCC_PREPROCESSOR_DEFINITIONS = (
					"DEBUG=1",
					"$(inherited)",
				);
				GCC_WARN_64_TO_32_BIT_CONVERSION = YES;
				GCC_WARN_ABOUT_RETURN_TYPE = YES_ERROR;
				GCC_WARN_UNDECLARED_SELECTOR = YES;
				GCC_WARN_UNINITIALIZED_AUTOS = YES_AGGRESSIVE;
				GCC_WARN_UNUSED_FUNCTION = YES;
				GCC_WARN_UNUSED_VARIABLE = YES;
				IPHONEOS_DEPLOYMENT_TARGET = 26.2;
				LOCALIZATION_PREFERS_STRING_CATALOGS = YES;
				MTL_ENABLE_DEBUG_INFO = INCLUDE_SOURCE;
				MTL_FAST_MATH = YES;
				ONLY_ACTIVE_ARCH = YES;
				SDKROOT = iphoneos;
				SWIFT_ACTIVE_COMPILATION_CONDITIONS = "DEBUG $(inherited)";
				SWIFT_OPTIMIZATION_LEVEL = "-Onone";
			};
			name = Debug;
		};
		61322EC72F5374D300C0AB2B /* Release */ = {
			isa = XCBuildConfiguration;
			buildSettings = {
				ALWAYS_SEARCH_USER_PATHS = NO;
				ASSETCATALOG_COMPILER_GENERATE_SWIFT_ASSET_SYMBOL_EXTENSIONS = YES;
				CLANG_ANALYZER_NONNULL = YES;
				CLANG_ANALYZER_NUMBER_OBJECT_CONVERSION = YES_AGGRESSIVE;
				CLANG_CXX_LANGUAGE_STANDARD = "gnu++20";
				CLANG_ENABLE_MODULES = YES;
				CLANG_ENABLE_OBJC_ARC = YES;
				CLANG_ENABLE_OBJC_WEAK = YES;
				CLANG_WARN_BLOCK_CAPTURE_AUTORELEASING = YES;
				CLANG_WARN_BOOL_CONVERSION = YES;
				CLANG_WARN_COMMA = YES;
				CLANG_WARN_CONSTANT_CONVERSION = YES;
				CLANG_WARN_DEPRECATED_OBJC_IMPLEMENTATIONS = YES;
				CLANG_WARN_DIRECT_OBJC_ISA_USAGE = YES_ERROR;
				CLANG_WARN_DOCUMENTATION_COMMENTS = YES;
				CLANG_WARN_EMPTY_BODY = YES;
				CLANG_WARN_ENUM_CONVERSION = YES;
				CLANG_WARN_INFINITE_RECURSION = YES;
				CLANG_WARN_INT_CONVERSION = YES;
				CLANG_WARN_NON_LITERAL_NULL_CONVERSION = YES;
				CLANG_WARN_OBJC_IMPLICIT_RETAIN_SELF = YES;
				CLANG_WARN_OBJC_LITERAL_CONVERSION = YES;
				CLANG_WARN_OBJC_ROOT_CLASS = YES_ERROR;
				CLANG_WARN_QUOTED_INCLUDE_IN_FRAMEWORK_HEADER = YES;
				CLANG_WARN_RANGE_LOOP_ANALYSIS = YES;
				CLANG_WARN_STRICT_PROTOTYPES = YES;
				CLANG_WARN_SUSPICIOUS_MOVE = YES;
				CLANG_WARN_UNGUARDED_AVAILABILITY = YES_AGGRESSIVE;
				CLANG_WARN_UNREACHABLE_CODE = YES;
				CLANG_WARN__DUPLICATE_METHOD_MATCH = YES;
				COPY_PHASE_STRIP = NO;
				DEBUG_INFORMATION_FORMAT = "dwarf-with-dsym";
				DEVELOPMENT_TEAM = X3R9B5D7DJ;
				ENABLE_NS_ASSERTIONS = NO;
				ENABLE_STRICT_OBJC_MSGSEND = YES;
				ENABLE_USER_SCRIPT_SANDBOXING = YES;
				GCC_C_LANGUAGE_STANDARD = gnu17;
				GCC_NO_COMMON_BLOCKS = YES;
				GCC_WARN_64_TO_32_BIT_CONVERSION = YES;
				GCC_WARN_ABOUT_RETURN_TYPE = YES_ERROR;
				GCC_WARN_UNDECLARED_SELECTOR = YES;
				GCC_WARN_UNINITIALIZED_AUTOS = YES_AGGRESSIVE;
				GCC_WARN_UNUSED_FUNCTION = YES;
				GCC_WARN_UNUSED_VARIABLE = YES;
				IPHONEOS_DEPLOYMENT_TARGET = 26.2;
				LOCALIZATION_PREFERS_STRING_CATALOGS = YES;
				MTL_ENABLE_DEBUG_INFO = NO;
				MTL_FAST_MATH = YES;
				SDKROOT = iphoneos;
				SWIFT_COMPILATION_MODE = wholemodule;
				VALIDATE_PRODUCT = YES;
			};
			name = Release;
		};
		61322EC92F5374D300C0AB2B /* Debug */ = {
			isa = XCBuildConfiguration;
			buildSettings = {
				ASSETCATALOG_COMPILER_APPICON_NAME = AppIcon;
				ASSETCATALOG_COMPILER_GLOBAL_ACCENT_COLOR_NAME = AccentColor;
				CODE_SIGN_STYLE = Automatic;
				CURRENT_PROJECT_VERSION = 1;
				DEVELOPMENT_TEAM = X3R9B5D7DJ;
				ENABLE_PREVIEWS = YES;
				GENERATE_INFOPLIST_FILE = YES;
				INFOPLIST_KEY_UIApplicationSceneManifest_Generation = YES;
				INFOPLIST_KEY_UIApplicationSupportsIndirectInputEvents = YES;
				INFOPLIST_KEY_UILaunchScreen_Generation = YES;
				INFOPLIST_KEY_UISupportedInterfaceOrientations_iPad = "UIInterfaceOrientationPortrait UIInterfaceOrientationPortraitUpsideDown UIInterfaceOrientationLandscapeLeft UIInterfaceOrientationLandscapeRight";
				INFOPLIST_KEY_UISupportedInterfaceOrientations_iPhone = "UIInterfaceOrientationPortrait UIInterfaceOrientationLandscapeLeft UIInterfaceOrientationLandscapeRight";
				LD_RUNPATH_SEARCH_PATHS = (
					"$(inherited)",
					"@executable_path/Frameworks",
				);
				MARKETING_VERSION = 1.0;
				PRODUCT_BUNDLE_IDENTIFIER = com.vedapps.Aether;
				PRODUCT_NAME = "$(TARGET_NAME)";
				STRING_CATALOG_GENERATE_SYMBOLS = YES;
				SWIFT_APPROACHABLE_CONCURRENCY = YES;
				SWIFT_DEFAULT_ACTOR_ISOLATION = MainActor;
				SWIFT_EMIT_LOC_STRINGS = YES;
				SWIFT_UPCOMING_FEATURE_MEMBER_IMPORT_VISIBILITY = YES;
				SWIFT_VERSION = 5.0;
				TARGETED_DEVICE_FAMILY = "1,2";
			};
			name = Debug;
		};
		61322ECA2F5374D300C0AB2B /* Release */ = {
			isa = XCBuildConfiguration;
			buildSettings = {
				ASSETCATALOG_COMPILER_APPICON_NAME = AppIcon;
				ASSETCATALOG_COMPILER_GLOBAL_ACCENT_COLOR_NAME = AccentColor;
				CODE_SIGN_STYLE = Automatic;
				CURRENT_PROJECT_VERSION = 1;
				DEVELOPMENT_TEAM = X3R9B5D7DJ;
				ENABLE_PREVIEWS = YES;
				GENERATE_INFOPLIST_FILE = YES;
				INFOPLIST_KEY_UIApplicationSceneManifest_Generation = YES;
				INFOPLIST_KEY_UIApplicationSupportsIndirectInputEvents = YES;
				INFOPLIST_KEY_UILaunchScreen_Generation = YES;
				INFOPLIST_KEY_UISupportedInterfaceOrientations_iPad = "UIInterfaceOrientationPortrait UIInterfaceOrientationPortraitUpsideDown UIInterfaceOrientationLandscapeLeft UIInterfaceOrientationLandscapeRight";
				INFOPLIST_KEY_UISupportedInterfaceOrientations_iPhone = "UIInterfaceOrientationPortrait UIInterfaceOrientationLandscapeLeft UIInterfaceOrientationLandscapeRight";
				LD_RUNPATH_SEARCH_PATHS = (
					"$(inherited)",
					"@executable_path/Frameworks",
				);
				MARKETING_VERSION = 1.0;
				PRODUCT_BUNDLE_IDENTIFIER = com.vedapps.Aether;
				PRODUCT_NAME = "$(TARGET_NAME)";
				STRING_CATALOG_GENERATE_SYMBOLS = YES;
				SWIFT_APPROACHABLE_CONCURRENCY = YES;
				SWIFT_DEFAULT_ACTOR_ISOLATION = MainActor;
				SWIFT_EMIT_LOC_STRINGS = YES;
				SWIFT_UPCOMING_FEATURE_MEMBER_IMPORT_VISIBILITY = YES;
				SWIFT_VERSION = 5.0;
				TARGETED_DEVICE_FAMILY = "1,2";
			};
			name = Release;
		};
/* End XCBuildConfiguration section */

/* Begin XCConfigurationList section */
		61322EB82F5374D200C0AB2B /* Build configuration list for PBXProject "Aether" */ = {
			isa = XCConfigurationList;
			buildConfigurations = (
				61322EC62F5374D300C0AB2B /* Debug */,
				61322EC72F5374D300C0AB2B /* Release */,
			);
			defaultConfigurationIsVisible = 0;
			defaultConfigurationName = Release;
		};
		61322EC82F5374D300C0AB2B /* Build configuration list for PBXNativeTarget "Aether" */ = {
			isa = XCConfigurationList;
			buildConfigurations = (
				61322EC92F5374D300C0AB2B /* Debug */,
				61322ECA2F5374D300C0AB2B /* Release */,
			);
			defaultConfigurationIsVisible = 0;
			defaultConfigurationName = Release;
		};
/* End XCConfigurationList section */
	};
	rootObject = 61322EB52F5374D200C0AB2B /* Project object */;
}
